
Microsoft Visual Studio Solution File, Format Version 12.00
# Visual Studio 15
VisualStudioVersion = 15.0.28307.168
MinimumVisualStudioVersion = 10.0.40219.1
Project("{FAE04EC0-301F-11D3-BF4B-00C04F79EFBC}") = "Default_Core", "Default_Core\Default_Core.csproj", "{BD1F46BE-0390-4E72-AC3B-0CC054DABC2D}"
EndProject
Global
	GlobalSection(SolutionConfigurationPlatforms) = preSolution
		Debug|Any CPU = Debug|Any CPU
		Release|Any CPU = Release|Any CPU
	EndGlobalSection
	GlobalSection(ProjectConfigurationPlatforms) = postSolution
		{BD1F46BE-0390-4E72-AC3B-0CC054DABC2D}.Debug|Any CPU.ActiveCfg = Debug|Any CPU
		{BD1F46BE-0390-4E72-AC3B-0CC054DABC2D}.Debug|Any CPU.Build.0 = Debug|Any CPU
		{BD1F46BE-0390-4E72-AC3B-0CC054DABC2D}.Release|Any CPU.ActiveCfg = Release|Any CPU
		{BD1F46BE-0390-4E72-AC3B-0CC054DABC2D}.Release|Any CPU.Build.0 = Release|Any CPU
	EndGlobalSection
	GlobalSection(SolutionProperties) = preSolution
		HideSolutionNode = FALSE
	EndGlobalSection
	GlobalSection(ExtensibilityGlobals) = postSolution
		SolutionGuid = {C738AC91-B721-437B-A757-C893AD203E73}
	EndGlobalSection
EndGlobal
